Microsoft Visual Studio Solution File, Format Version 12.00
# Visual Studio 2012
Project("{FAE04EC0-301F-11D3-BF4B-00C04F79EFBC}") = "ConGraph", "ConGraph.csproj", "{D9D48EA2-0D7E-4BBD-BBBA-5A0E94E338CD}"
EndProject
Global
	GlobalSection(SolutionConfigurationPlatforms) = preSolution
	Debug|Any CPU = Debug|Any CPU
	ExportDebug|Any CPU = ExportDebug|Any CPU
	ExportRelease|Any CPU = ExportRelease|Any CPU
	EndGlobalSection
	GlobalSection(ProjectConfigurationPlatforms) = postSolution
		{D9D48EA2-0D7E-4BBD-BBBA-5A0E94E338CD}.Debug|Any CPU.ActiveCfg = Debug|Any CPU
		{D9D48EA2-0D7E-4BBD-BBBA-5A0E94E338CD}.Debug|Any CPU.Build.0 = Debug|Any CPU
		{D9D48EA2-0D7E-4BBD-BBBA-5A0E94E338CD}.ExportDebug|Any CPU.ActiveCfg = ExportDebug|Any CPU
		{D9D48EA2-0D7E-4BBD-BBBA-5A0E94E338CD}.ExportDebug|Any CPU.Build.0 = ExportDebug|Any CPU
		{D9D48EA2-0D7E-4BBD-BBBA-5A0E94E338CD}.ExportRelease|Any CPU.ActiveCfg = ExportRelease|Any CPU
		{D9D48EA2-0D7E-4BBD-BBBA-5A0E94E338CD}.ExportRelease|Any CPU.Build.0 = ExportRelease|Any CPU
	EndGlobalSection
EndGlobal
